
Microsoft Visual Studio Solution File, Format Version 12.00
# Visual Studio 15
VisualStudioVersion = 15.0.28307.271
MinimumVisualStudioVersion = 10.0.40219.1
Project("{9A19103F-16F7-4668-BE54-9A1E7A4F7556}") = "Traffic", "Traffic\Traffic.csproj", "{77815D59-92F2-4104-B72A-037663E192F2}"
EndProject
Project("{FAE04EC0-301F-11D3-BF4B-00C04F79EFBC}") = "Traffic.Tests", "Traffic.Tests\Traffic.Tests.csproj", "{4203727F-23F5-4B57-937C-8FD86346F600}"
EndProject
Global
	GlobalSection(SolutionConfigurationPlatforms) = preSolution
		Debug|Any CPU = Debug|Any CPU
		Release|Any CPU = Release|Any CPU
	EndGlobalSection
	GlobalSection(ProjectConfigurationPlatforms) = postSolution
		{77815D59-92F2-4104-B72A-037663E192F2}.Debug|Any CPU.ActiveCfg = Debug|Any CPU
		{77815D59-92F2-4104-B72A-037663E192F2}.Debug|Any CPU.Build.0 = Debug|Any CPU
		{77815D59-92F2-4104-B72A-037663E192F2}.Release|Any CPU.ActiveCfg = Release|Any CPU
		{77815D59-92F2-4104-B72A-037663E192F2}.Release|Any CPU.Build.0 = Release|Any CPU
		{4203727F-23F5-4B57-937C-8FD86346F600}.Debug|Any CPU.ActiveCfg = Debug|Any CPU
		{4203727F-23F5-4B57-937C-8FD86346F600}.Debug|Any CPU.Build.0 = Debug|Any CPU
		{4203727F-23F5-4B57-937C-8FD86346F600}.Release|Any CPU.ActiveCfg = Release|Any CPU
		{4203727F-23F5-4B57-937C-8FD86346F600}.Release|Any CPU.Build.0 = Release|Any CPU
	EndGlobalSection
	GlobalSection(SolutionProperties) = preSolution
		HideSolutionNode = FALSE
	EndGlobalSection
	GlobalSection(ExtensibilityGlobals) = postSolution
		SolutionGuid = {A991AACB-1472-48AC-A5D1-AD4D8BFE67A1}
	EndGlobalSection
EndGlobal
